{
  "nodes": {
    "nixpkgs": {
      "locked": {
        "lastModified": 1600419171,
        "narHash": "sha256-IN9fAah/ZMA1klQO3NLyff5XOaft4OwKKMEXvuO27AA=",
        "owner": "NixOS",
        "repo": "nixpkgs",
        "rev": "be92e21e2519143f8c6ea70fa8052deff5126ce5",
        "type": "github"
      },
      "original": {
        "owner": "NixOS",
        "ref": "nixos-20.09",
        "repo": "nixpkgs",
        "type": "github"
      }
    },
    "offen-src": {
      "flake": false,
      "locked": {
        "lastModified": 1606933057,
        "narHash": "sha256-GTQDqdUlwvPBPNk/K75KpjzuQf6/Txq2VBUdgUpatPw=",
        "owner": "offen",
        "repo": "offen",
        "rev": "1f1e5d0c9550e2ccbf35a8a9af2480cdba9da800",
        "type": "github"
      },
      "original": {
        "owner": "offen",
        "repo": "offen",
        "type": "github"
      }
    },
    "root": {
      "inputs": {
        "nixpkgs": "nixpkgs",
        "offen-src": "offen-src"
      }
    }
  },
  "root": "root",
  "version": 7
}
