{
  "nodes": {
    "nixpkgs": {
      "locked": {
        "lastModified": 1600419171,
        "narHash": "sha256-IN9fAah/ZMA1klQO3NLyff5XOaft4OwKKMEXvuO27AA=",
        "owner": "NixOS",
        "repo": "nixpkgs",
        "rev": "be92e21e2519143f8c6ea70fa8052deff5126ce5",
        "type": "github"
      },
      "original": {
        "owner": "NixOS",
        "ref": "nixos-20.09",
        "repo": "nixpkgs",
        "type": "github"
      }
    },
    "offen-src": {
      "flake": false,
      "locked": {
        "lastModified": 1610698130,
        "narHash": "sha256-DsR0RO3aYbLMH6HEAhptQXye8Hmnvxnvc5v3M0R4wEY=",
        "owner": "offen",
        "repo": "offen",
        "rev": "6420bf25e9bb06a2bafbf827d64cc82fed37d525",
        "type": "github"
      },
      "original": {
        "owner": "offen",
        "repo": "offen",
        "type": "github"
      }
    },
    "root": {
      "inputs": {
        "nixpkgs": "nixpkgs",
        "offen-src": "offen-src"
      }
    }
  },
  "root": "root",
  "version": 7
}
